
Microsoft Visual Studio Solution File, Format Version 12.00
# Visual Studio Version 17
VisualStudioVersion = 17.14.36623.8 d17.14
MinimumVisualStudioVersion = 10.0.40219.1
Project("{FAE04EC0-301F-11D3-BF4B-00C04F79EFBC}") = "STT_LAB12", "STT_LAB12.csproj", "{D9423A9F-EA01-4E1E-B584-2B9E27DFAA44}"
EndProject
Global
	GlobalSection(SolutionConfigurationPlatforms) = preSolution
		Debug|Any CPU = Debug|Any CPU
		Release|Any CPU = Release|Any CPU
	EndGlobalSection
	GlobalSection(ProjectConfigurationPlatforms) = postSolution
		{D9423A9F-EA01-4E1E-B584-2B9E27DFAA44}.Debug|Any CPU.ActiveCfg = Debug|Any CPU
		{D9423A9F-EA01-4E1E-B584-2B9E27DFAA44}.Debug|Any CPU.Build.0 = Debug|Any CPU
		{D9423A9F-EA01-4E1E-B584-2B9E27DFAA44}.Release|Any CPU.ActiveCfg = Release|Any CPU
		{D9423A9F-EA01-4E1E-B584-2B9E27DFAA44}.Release|Any CPU.Build.0 = Release|Any CPU
	EndGlobalSection
	GlobalSection(SolutionProperties) = preSolution
		HideSolutionNode = FALSE
	EndGlobalSection
	GlobalSection(ExtensibilityGlobals) = postSolution
		SolutionGuid = {2CA1C8DA-F530-45EF-B4E0-C81926166203}
	EndGlobalSection
EndGlobal
