
Microsoft Visual Studio Solution File, Format Version 12.00
# Visual Studio Version 17
VisualStudioVersion = 17.14.36623.8 d17.14
MinimumVisualStudioVersion = 10.0.40219.1
Project("{FAE04EC0-301F-11D3-BF4B-00C04F79EFBC}") = "EventPlayground", "EventPlayground.csproj", "{7B694464-4135-4770-B841-C738E3D7BFDC}"
EndProject
Global
	GlobalSection(SolutionConfigurationPlatforms) = preSolution
		Debug|Any CPU = Debug|Any CPU
		Release|Any CPU = Release|Any CPU
	EndGlobalSection
	GlobalSection(ProjectConfigurationPlatforms) = postSolution
		{7B694464-4135-4770-B841-C738E3D7BFDC}.Debug|Any CPU.ActiveCfg = Debug|Any CPU
		{7B694464-4135-4770-B841-C738E3D7BFDC}.Debug|Any CPU.Build.0 = Debug|Any CPU
		{7B694464-4135-4770-B841-C738E3D7BFDC}.Release|Any CPU.ActiveCfg = Release|Any CPU
		{7B694464-4135-4770-B841-C738E3D7BFDC}.Release|Any CPU.Build.0 = Release|Any CPU
	EndGlobalSection
	GlobalSection(SolutionProperties) = preSolution
		HideSolutionNode = FALSE
	EndGlobalSection
	GlobalSection(ExtensibilityGlobals) = postSolution
		SolutionGuid = {0003C50A-D15F-49EB-B0D0-E06370B0EF00}
	EndGlobalSection
EndGlobal
